# This file is automatically @generated by Cargo.
# It is not intended for manual editing.
version = 4

[[package]]
name = "arrayref"
version = "0.3.9"
source = "registry+https://github.com/rust-lang/crates.io-index"
checksum = "76a2e8124351fda1ef8aaaa3bbd7ebbcb486bbcd4225aca0aa0d84bb2db8fecb"

[[package]]
name = "arrayvec"
version = "0.5.2"
source = "registry+https://github.com/rust-lang/crates.io-index"
checksum = "23b62fc65de8e4e7f52534fb52b0f3ed04746ae267519eef2a83941e8085068b"

[[package]]
name = "base64"
version = "0.13.1"
source = "registry+https://github.com/rust-lang/crates.io-index"
checksum = "9e1b586273c5702936fe7b7d6896644d8be71e6314cfe09d3167c95f712589e8"

[[package]]
name = "bitflags"
version = "2.13.0"
source = "registry+https://github.com/rust-lang/crates.io-index"
checksum = "b4388bee8683e3d04af747c73422af53102d2bd24d9eadb6cbc100baef4b43f8"

[[package]]
name = "blake2b_simd"
version = "0.5.11"
source = "registry+https://github.com/rust-lang/crates.io-index"
checksum = "afa748e348ad3be8263be728124b24a24f268266f6f5d58af9d75f6a40b5c587"
dependencies = [
 "arrayref",
 "arrayvec",
 "constant_time_eq",
]

[[package]]
name = "byteorder"
version = "1.5.0"
source = "registry+https://github.com/rust-lang/crates.io-index"
checksum = "1fd0f2584146f6f2ef48085050886acf353beff7305ebd1ae69500e27c67f64b"

[[package]]
name = "cfg-if"
version = "1.0.4"
source = "registry+https://github.com/rust-lang/crates.io-index"
checksum = "9330f8b2ff13f34540b44e946ef35111825727b38d33286ef986142615121801"

[[package]]
name = "cfg_aliases"
version = "0.2.1"
source = "registry+https://github.com/rust-lang/crates.io-index"
checksum = "613afe47fcd5fac7ccf1db93babcb082c5994d996f20b8b159f2ad1658eb5724"

[[package]]
name = "clippy"
version = "0.0.302"
source = "registry+https://github.com/rust-lang/crates.io-index"
checksum = "d911ee15579a3f50880d8c1d59ef6e79f9533127a3bd342462f5d584f5e8c294"
dependencies = [
 "term",
]

[[package]]
name = "constant_time_eq"
version = "0.1.5"
source = "registry+https://github.com/rust-lang/crates.io-index"
checksum = "245097e9a4535ee1e3e3931fcfcd55a796a44c643e8596ff6566d68f09b87bbc"

[[package]]
name = "crossbeam-utils"
version = "0.8.21"
source = "registry+https://github.com/rust-lang/crates.io-index"
checksum = "d0a5c400df2834b80a4c3327b3aad3a4c4cd4de0629063962b03235697506a28"

[[package]]
name = "dirs"
version = "1.0.5"
source = "registry+https://github.com/rust-lang/crates.io-index"
checksum = "3fd78930633bd1c6e35c4b42b1df7b0cbc6bc191146e512bb3bedf243fcc3901"
dependencies = [
 "libc",
 "redox_users",
 "winapi",
]

[[package]]
name = "fmt"
version = "0.1.0"
source = "registry+https://github.com/rust-lang/crates.io-index"
checksum = "09904adae26440d46daeacb5ed7922fee69d43ebf84d31e078cd49652cecd718"

[[package]]
name = "getrandom"
version = "0.1.16"
source = "registry+https://github.com/rust-lang/crates.io-index"
checksum = "8fc3cb4d91f53b50155bdcfd23f6a4c39ae1969c2ae85982b135750cccaf5fce"
dependencies = [
 "cfg-if",
 "libc",
 "wasi",
]

[[package]]
name = "glob"
version = "0.3.3"
source = "registry+https://github.com/rust-lang/crates.io-index"
checksum = "0cc23270f6e1808e30a928bdc84dea0b9b4136a8bc82338574f23baf47bbd280"

[[package]]
name = "json"
version = "0.12.4"
source = "registry+https://github.com/rust-lang/crates.io-index"
checksum = "078e285eafdfb6c4b434e0d31e8cfcb5115b651496faca5749b88fafd4f23bfd"

[[package]]
name = "libc"
version = "0.2.186"
source = "registry+https://github.com/rust-lang/crates.io-index"
checksum = "68ab91017fe16c622486840e4c83c9a37afeff978bd239b5293d61ece587de66"

[[package]]
name = "nix"
version = "0.31.3"
source = "registry+https://github.com/rust-lang/crates.io-index"
checksum = "cf20d2fde8ff38632c426f1165ed7436270b44f199fc55284c38276f9db47c3d"
dependencies = [
 "bitflags",
 "cfg-if",
 "cfg_aliases",
 "libc",
]

[[package]]
name = "redox_syscall"
version = "0.1.57"
source = "registry+https://github.com/rust-lang/crates.io-index"
checksum = "41cc0f7e4d5d4544e8861606a285bb08d3e70712ccc7d2b84d7c0ccfaf4b05ce"

[[package]]
name = "redox_users"
version = "0.3.5"
source = "registry+https://github.com/rust-lang/crates.io-index"
checksum = "de0737333e7a9502c789a36d7c7fa6092a49895d4faa31ca5df163857ded2e9d"
dependencies = [
 "getrandom",
 "redox_syscall",
 "rust-argon2",
]

[[package]]
name = "rid"
version = "0.1.0"
dependencies = [
 "clippy",
 "fmt",
 "glob",
 "json",
 "nix",
]

[[package]]
name = "rust-argon2"
version = "0.8.3"
source = "registry+https://github.com/rust-lang/crates.io-index"
checksum = "4b18820d944b33caa75a71378964ac46f58517c92b6ae5f762636247c09e78fb"
dependencies = [
 "base64",
 "blake2b_simd",
 "constant_time_eq",
 "crossbeam-utils",
]

[[package]]
name = "term"
version = "0.5.2"
source = "registry+https://github.com/rust-lang/crates.io-index"
checksum = "edd106a334b7657c10b7c540a0106114feadeb4dc314513e97df481d5d966f42"
dependencies = [
 "byteorder",
 "dirs",
 "winapi",
]

[[package]]
name = "wasi"
version = "0.9.0+wasi-snapshot-preview1"
source = "registry+https://github.com/rust-lang/crates.io-index"
checksum = "cccddf32554fecc6acb585f82a32a72e28b48f8c4c1883ddfeeeaa96f7d8e519"

[[package]]
name = "winapi"
version = "0.3.9"
source = "registry+https://github.com/rust-lang/crates.io-index"
checksum = "5c839a674fcd7a98952e593242ea400abe93992746761e38641405d28b00f419"
dependencies = [
 "winapi-i686-pc-windows-gnu",
 "winapi-x86_64-pc-windows-gnu",
]

[[package]]
name = "winapi-i686-pc-windows-gnu"
version = "0.4.0"
source = "registry+https://github.com/rust-lang/crates.io-index"
checksum = "ac3b87c63620426dd9b991e5ce0329eff545bccbbb34f3be09ff6fb6ab51b7b6"

[[package]]
name = "winapi-x86_64-pc-windows-gnu"
version = "0.4.0"
source = "registry+https://github.com/rust-lang/crates.io-index"
checksum = "712e227841d057c1ee1cd2fb22fa7e5a5461ae8e48fa2ca79ec42cfc1931183f"
